
Microsoft Visual Studio Solution File, Format Version 10.00
# Visual Studio 2008
Project("{8BC9CEB8-8B4A-11D0-8D11-00A0C91BC942}") = "顺序表1_18", "顺序表1_18\顺序表1_18.vcproj", "{1FE4031D-3169-41B4-83AF-6B58899EABB7}"
EndProject
Global
	GlobalSection(SolutionConfigurationPlatforms) = preSolution
		Debug|Win32 = Debug|Win32
		Release|Win32 = Release|Win32
	EndGlobalSection
	GlobalSection(ProjectConfigurationPlatforms) = postSolution
		{1FE4031D-3169-41B4-83AF-6B58899EABB7}.Debug|Win32.ActiveCfg = Debug|Win32
		{1FE4031D-3169-41B4-83AF-6B58899EABB7}.Debug|Win32.Build.0 = Debug|Win32
		{1FE4031D-3169-41B4-83AF-6B58899EABB7}.Release|Win32.ActiveCfg = Release|Win32
		{1FE4031D-3169-41B4-83AF-6B58899EABB7}.Release|Win32.Build.0 = Release|Win32
	EndGlobalSection
	GlobalSection(SolutionProperties) = preSolution
		HideSolutionNode = FALSE
	EndGlobalSection
EndGlobal
